
Microsoft Visual Studio Solution File, Format Version 12.00
# Visual Studio 15
VisualStudioVersion = 15.0.28010.2016
MinimumVisualStudioVersion = 10.0.40219.1
Project("{FAE04EC0-301F-11D3-BF4B-00C04F79EFBC}") = "OMW15", "OMW15\OMW15.csproj", "{32893AEF-0AA4-479A-8ED0-4197619F5B17}"
	ProjectSection(ProjectDependencies) = postProject
		{85CDDB55-0B9E-47BB-A315-E154B15F8291} = {85CDDB55-0B9E-47BB-A315-E154B15F8291}
	EndProjectSection
EndProject
Project("{FAE04EC0-301F-11D3-BF4B-00C04F79EFBC}") = "OMControls", "..\OMControls\OMControls.csproj", "{85CDDB55-0B9E-47BB-A315-E154B15F8291}"
EndProject
Project("{FAE04EC0-301F-11D3-BF4B-00C04F79EFBC}") = "MDfile", "MDfile\MDfile.csproj", "{57810B53-7763-4C57-9F4F-6CDC79140580}"
EndProject
Global
	GlobalSection(SolutionConfigurationPlatforms) = preSolution
		Debug|Any CPU = Debug|Any CPU
		Debug|x86 = Debug|x86
		Release|Any CPU = Release|Any CPU
		Release|x86 = Release|x86
	EndGlobalSection
	GlobalSection(ProjectConfigurationPlatforms) = postSolution
		{32893AEF-0AA4-479A-8ED0-4197619F5B17}.Debug|Any CPU.ActiveCfg = Debug|Any CPU
		{32893AEF-0AA4-479A-8ED0-4197619F5B17}.Debug|Any CPU.Build.0 = Debug|Any CPU
		{32893AEF-0AA4-479A-8ED0-4197619F5B17}.Debug|x86.ActiveCfg = Debug|x86
		{32893AEF-0AA4-479A-8ED0-4197619F5B17}.Debug|x86.Build.0 = Debug|x86
		{32893AEF-0AA4-479A-8ED0-4197619F5B17}.Release|Any CPU.ActiveCfg = Release|x86
		{32893AEF-0AA4-479A-8ED0-4197619F5B17}.Release|Any CPU.Build.0 = Release|x86
		{32893AEF-0AA4-479A-8ED0-4197619F5B17}.Release|x86.ActiveCfg = Release|x86
		{32893AEF-0AA4-479A-8ED0-4197619F5B17}.Release|x86.Build.0 = Release|x86
		{85CDDB55-0B9E-47BB-A315-E154B15F8291}.Debug|Any CPU.ActiveCfg = Debug|Any CPU
		{85CDDB55-0B9E-47BB-A315-E154B15F8291}.Debug|Any CPU.Build.0 = Debug|Any CPU
		{85CDDB55-0B9E-47BB-A315-E154B15F8291}.Debug|x86.ActiveCfg = Debug|Any CPU
		{85CDDB55-0B9E-47BB-A315-E154B15F8291}.Release|Any CPU.ActiveCfg = Release|x86
		{85CDDB55-0B9E-47BB-A315-E154B15F8291}.Release|Any CPU.Build.0 = Release|x86
		{85CDDB55-0B9E-47BB-A315-E154B15F8291}.Release|Any CPU.Deploy.0 = Release|x86
		{85CDDB55-0B9E-47BB-A315-E154B15F8291}.Release|x86.ActiveCfg = Release|x86
		{85CDDB55-0B9E-47BB-A315-E154B15F8291}.Release|x86.Build.0 = Release|x86
		{57810B53-7763-4C57-9F4F-6CDC79140580}.Debug|Any CPU.ActiveCfg = Debug|Any CPU
		{57810B53-7763-4C57-9F4F-6CDC79140580}.Debug|Any CPU.Build.0 = Debug|Any CPU
		{57810B53-7763-4C57-9F4F-6CDC79140580}.Debug|x86.ActiveCfg = Debug|Any CPU
		{57810B53-7763-4C57-9F4F-6CDC79140580}.Debug|x86.Build.0 = Debug|Any CPU
		{57810B53-7763-4C57-9F4F-6CDC79140580}.Release|Any CPU.ActiveCfg = Release|Any CPU
		{57810B53-7763-4C57-9F4F-6CDC79140580}.Release|Any CPU.Build.0 = Release|Any CPU
		{57810B53-7763-4C57-9F4F-6CDC79140580}.Release|x86.ActiveCfg = Release|Any CPU
		{57810B53-7763-4C57-9F4F-6CDC79140580}.Release|x86.Build.0 = Release|Any CPU
	EndGlobalSection
	GlobalSection(SolutionProperties) = preSolution
		HideSolutionNode = FALSE
	EndGlobalSection
	GlobalSection(ExtensibilityGlobals) = postSolution
		SolutionGuid = {2315B120-E21B-43E0-8181-CDD9FD9F13A1}
	EndGlobalSection
EndGlobal
